
Microsoft Visual Studio Solution File, Format Version 12.00
# Visual Studio Version 17
VisualStudioVersion = 17.7.34221.43
MinimumVisualStudioVersion = 10.0.40219.1
Project("{9A19103F-16F7-4668-BE54-9A1E7A4F7556}") = "FreeSqlExtend", "FreeSqlExtend.csproj", "{3405A70C-A0F9-4723-B080-A3640D1B5D04}"
EndProject
Project("{FAE04EC0-301F-11D3-BF4B-00C04F79EFBC}") = "FreesqlTest", "..\FreesqlTest\FreesqlTest.csproj", "{DEAC45A5-E1C0-41C3-A39A-72EBA78389FD}"
EndProject
Global
	GlobalSection(SolutionConfigurationPlatforms) = preSolution
		Debug|Any CPU = Debug|Any CPU
		Release|Any CPU = Release|Any CPU
	EndGlobalSection
	GlobalSection(ProjectConfigurationPlatforms) = postSolution
		{3405A70C-A0F9-4723-B080-A3640D1B5D04}.Debug|Any CPU.ActiveCfg = Debug|Any CPU
		{3405A70C-A0F9-4723-B080-A3640D1B5D04}.Debug|Any CPU.Build.0 = Debug|Any CPU
		{3405A70C-A0F9-4723-B080-A3640D1B5D04}.Release|Any CPU.ActiveCfg = Release|Any CPU
		{3405A70C-A0F9-4723-B080-A3640D1B5D04}.Release|Any CPU.Build.0 = Release|Any CPU
		{DEAC45A5-E1C0-41C3-A39A-72EBA78389FD}.Debug|Any CPU.ActiveCfg = Debug|Any CPU
		{DEAC45A5-E1C0-41C3-A39A-72EBA78389FD}.Debug|Any CPU.Build.0 = Debug|Any CPU
		{DEAC45A5-E1C0-41C3-A39A-72EBA78389FD}.Release|Any CPU.ActiveCfg = Release|Any CPU
		{DEAC45A5-E1C0-41C3-A39A-72EBA78389FD}.Release|Any CPU.Build.0 = Release|Any CPU
	EndGlobalSection
	GlobalSection(SolutionProperties) = preSolution
		HideSolutionNode = FALSE
	EndGlobalSection
	GlobalSection(ExtensibilityGlobals) = postSolution
		SolutionGuid = {945E999A-4A5F-4FBB-ABAD-53E232B1F419}
	EndGlobalSection
EndGlobal
